// !$*UTF8*$!
{
	archiveVersion = 1;
	classes = {
	};
	objectVersion = 50;
	objects = {

/* Begin PBXBuildFile section */
		4CE2073526E004FE005FE571 /* main.c in Sources */ = {isa = PBXBuildFile; fileRef = 4CE2073426E004FE005FE571 /* main.c */; };
		4CE2073F26E0056D005FE571 /* render_interface.m in Sources */ = {isa = PBXBuildFile; fileRef = 4CE2073A26E0056C005FE571 /* render_interface.m */; };
		4CE2074026E0056D005FE571 /* root_patch.c in Sources */ = {isa = PBXBuildFile; fileRef = 4CE2073C26E0056C005FE571 /* root_patch.c */; };
		4CE2074126E0056D005FE571 /* render.m in Sources */ = {isa = PBXBuildFile; fileRef = 4CE2073E26E0056C005FE571 /* render.m */; };
		4CF4AFB726E1060E00FE18CB /* HTML5.m in Sources */ = {isa = PBXBuildFile; fileRef = 4CE2074F26E049C4005FE571 /* HTML5.m */; };
/* End PBXBuildFile section */

/* Begin PBXCopyFilesBuildPhase section */
		4CE2072F26E004FE005FE571 /* CopyFiles */ = {
			isa = PBXCopyFilesBuildPhase;
			buildActionMask = 2147483647;
			dstPath = /usr/share/man/man1/;
			dstSubfolderSpec = 0;
			files = (
			);
			runOnlyForDeploymentPostprocessing = 1;
		};
/* End PBXCopyFilesBuildPhase section */

/* Begin PBXFileReference section */
		4CE2073126E004FE005FE571 /* toolkit */ = {isa = PBXFileReference; explicitFileType = "compiled.mach-o.executable"; includeInIndex = 0; path = toolkit; sourceTree = BUILT_PRODUCTS_DIR; };
		4CE2073426E004FE005FE571 /* main.c */ = {isa = PBXFileReference; lastKnownFileType = sourcecode.c.c; path = main.c; sourceTree = "<group>"; };
		4CE2073926E0056C005FE571 /* render.h */ = {isa = PBXFileReference; explicitFileType = sourcecode.c.h; fileEncoding = 4; path = render.h; sourceTree = "<group>"; };
		4CE2073A26E0056C005FE571 /* render_interface.m */ = {isa = PBXFileReference; fileEncoding = 4; lastKnownFileType = sourcecode.c.objc; path = render_interface.m; sourceTree = "<group>"; };
		4CE2073B26E0056C005FE571 /* render_interface.h */ = {isa = PBXFileReference; fileEncoding = 4; lastKnownFileType = sourcecode.c.h; path = render_interface.h; sourceTree = "<group>"; };
		4CE2073C26E0056C005FE571 /* root_patch.c */ = {isa = PBXFileReference; fileEncoding = 4; lastKnownFileType = sourcecode.c.c; path = root_patch.c; sourceTree = "<group>"; };
		4CE2073D26E0056C005FE571 /* root_patch.h */ = {isa = PBXFileReference; fileEncoding = 4; lastKnownFileType = sourcecode.c.h; path = root_patch.h; sourceTree = "<group>"; };
		4CE2073E26E0056C005FE571 /* render.m */ = {isa = PBXFileReference; fileEncoding = 4; lastKnownFileType = sourcecode.c.objc; path = render.m; sourceTree = "<group>"; };
		4CE2074626E04995005FE571 /* libHTML5.dylib */ = {isa = PBXFileReference; explicitFileType = "compiled.mach-o.dylib"; includeInIndex = 0; path = libHTML5.dylib; sourceTree = BUILT_PRODUCTS_DIR; };
		4CE2074F26E049C4005FE571 /* HTML5.m */ = {isa = PBXFileReference; fileEncoding = 4; lastKnownFileType = sourcecode.c.objc; name = HTML5.m; path = toolkit/HTML5.m; sourceTree = SOURCE_ROOT; };
/* End PBXFileReference section */

/* Begin PBXFrameworksBuildPhase section */
		4CE2072E26E004FE005FE571 /* Frameworks */ = {
			isa = PBXFrameworksBuildPhase;
			buildActionMask = 2147483647;
			files = (
			);
			runOnlyForDeploymentPostprocessing = 0;
		};
		4CE2074426E04995005FE571 /* Frameworks */ = {
			isa = PBXFrameworksBuildPhase;
			buildActionMask = 2147483647;
			files = (
			);
			runOnlyForDeploymentPostprocessing = 0;
		};
/* End PBXFrameworksBuildPhase section */

/* Begin PBXGroup section */
		4CE2071A26E001C8005FE571 = {
			isa = PBXGroup;
			children = (
				4CE2073326E004FE005FE571 /* toolkit */,
				4CE2073226E004FE005FE571 /* Products */,
			);
			sourceTree = "<group>";
		};
		4CE2073226E004FE005FE571 /* Products */ = {
			isa = PBXGroup;
			children = (
				4CE2073126E004FE005FE571 /* toolkit */,
				4CE2074626E04995005FE571 /* libHTML5.dylib */,
			);
			name = Products;
			sourceTree = "<group>";
		};
		4CE2073326E004FE005FE571 /* toolkit */ = {
			isa = PBXGroup;
			children = (
				4CE2073B26E0056C005FE571 /* render_interface.h */,
				4CE2073A26E0056C005FE571 /* render_interface.m */,
				4CE2073926E0056C005FE571 /* render.h */,
				4CE2073E26E0056C005FE571 /* render.m */,
				4CE2073C26E0056C005FE571 /* root_patch.c */,
				4CE2073D26E0056C005FE571 /* root_patch.h */,
				4CE2073426E004FE005FE571 /* main.c */,
				4CE2074F26E049C4005FE571 /* HTML5.m */,
			);
			path = toolkit;
			sourceTree = "<group>";
		};
/* End PBXGroup section */

/* Begin PBXHeadersBuildPhase section */
		4CE2074226E04995005FE571 /* Headers */ = {
			isa = PBXHeadersBuildPhase;
			buildActionMask = 2147483647;
			files = (
			);
			runOnlyForDeploymentPostprocessing = 0;
		};
/* End PBXHeadersBuildPhase section */

/* Begin PBXNativeTarget section */
		4CE2073026E004FE005FE571 /* toolkit */ = {
			isa = PBXNativeTarget;
			buildConfigurationList = 4CE2073626E004FE005FE571 /* Build configuration list for PBXNativeTarget "toolkit" */;
			buildPhases = (
				4CE2072D26E004FE005FE571 /* Sources */,
				4CE2072E26E004FE005FE571 /* Frameworks */,
				4CE2072F26E004FE005FE571 /* CopyFiles */,
			);
			buildRules = (
			);
			dependencies = (
			);
			name = toolkit;
			productName = toolkit;
			productReference = 4CE2073126E004FE005FE571 /* toolkit */;
			productType = "com.apple.product-type.tool";
		};
		4CE2074526E04995005FE571 /* HTML5 */ = {
			isa = PBXNativeTarget;
			buildConfigurationList = 4CE2074C26E04995005FE571 /* Build configuration list for PBXNativeTarget "HTML5" */;
			buildPhases = (
				4CE2074226E04995005FE571 /* Headers */,
				4CE2074326E04995005FE571 /* Sources */,
				4CE2074426E04995005FE571 /* Frameworks */,
			);
			buildRules = (
			);
			dependencies = (
			);
			name = HTML5;
			productName = HTML5;
			productReference = 4CE2074626E04995005FE571 /* libHTML5.dylib */;
			productType = "com.apple.product-type.library.dynamic";
		};
/* End PBXNativeTarget section */

/* Begin PBXProject section */
		4CE2071B26E001C8005FE571 /* Project object */ = {
			isa = PBXProject;
			attributes = {
				LastUpgradeCheck = 1250;
				TargetAttributes = {
					4CE2073026E004FE005FE571 = {
						CreatedOnToolsVersion = 12.5.1;
					};
					4CE2074526E04995005FE571 = {
						CreatedOnToolsVersion = 12.5.1;
					};
				};
			};
			buildConfigurationList = 4CE2071E26E001C8005FE571 /* Build configuration list for PBXProject "Potato" */;
			compatibilityVersion = "Xcode 9.3";
			developmentRegion = en;
			hasScannedForEncodings = 0;
			knownRegions = (
				en,
				Base,
			);
			mainGroup = 4CE2071A26E001C8005FE571;
			productRefGroup = 4CE2073226E004FE005FE571 /* Products */;
			projectDirPath = "";
			projectRoot = "";
			targets = (
				4CE2073026E004FE005FE571 /* toolkit */,
				4CE2074526E04995005FE571 /* HTML5 */,
			);
		};
/* End PBXProject section */

/* Begin PBXSourcesBuildPhase section */
		4CE2072D26E004FE005FE571 /* Sources */ = {
			isa = PBXSourcesBuildPhase;
			buildActionMask = 2147483647;
			files = (
				4CE2074026E0056D005FE571 /* root_patch.c in Sources */,
				4CE2073526E004FE005FE571 /* main.c in Sources */,
				4CE2073F26E0056D005FE571 /* render_interface.m in Sources */,
				4CE2074126E0056D005FE571 /* render.m in Sources */,
			);
			runOnlyForDeploymentPostprocessing = 0;
		};
		4CE2074326E04995005FE571 /* Sources */ = {
			isa = PBXSourcesBuildPhase;
			buildActionMask = 2147483647;
			files = (
				4CF4AFB726E1060E00FE18CB /* HTML5.m in Sources */,
			);
			runOnlyForDeploymentPostprocessing = 0;
		};
/* End PBXSourcesBuildPhase section */

/* Begin XCBuildConfiguration section */
		4CE2072026E001C8005FE571 /* Debug */ = {
			isa = XCBuildConfiguration;
			buildSettings = {
				ALWAYS_SEARCH_USER_PATHS = NO;
				CLANG_ANALYZER_NONNULL = YES;
				CLANG_ANALYZER_NUMBER_OBJECT_CONVERSION = YES_AGGRESSIVE;
				CLANG_CXX_LANGUAGE_STANDARD = "gnu++14";
				CLANG_CXX_LIBRARY = "libc++";
				CLANG_ENABLE_MODULES = YES;
				CLANG_ENABLE_OBJC_ARC = YES;
				CLANG_ENABLE_OBJC_WEAK = YES;
				CLANG_WARN_BLOCK_CAPTURE_AUTORELEASING = YES;
				CLANG_WARN_BOOL_CONVERSION = YES;
				CLANG_WARN_COMMA = YES;
				CLANG_WARN_CONSTANT_CONVERSION = YES;
				CLANG_WARN_DEPRECATED_OBJC_IMPLEMENTATIONS = YES;
				CLANG_WARN_DIRECT_OBJC_ISA_USAGE = YES_ERROR;
				CLANG_WARN_DOCUMENTATION_COMMENTS = YES;
				CLANG_WARN_EMPTY_BODY = YES;
				CLANG_WARN_ENUM_CONVERSION = YES;
				CLANG_WARN_INFINITE_RECURSION = YES;
				CLANG_WARN_INT_CONVERSION = YES;
				CLANG_WARN_NON_LITERAL_NULL_CONVERSION = YES;
				CLANG_WARN_OBJC_IMPLICIT_RETAIN_SELF = YES;
				CLANG_WARN_OBJC_LITERAL_CONVERSION = YES;
				CLANG_WARN_OBJC_ROOT_CLASS = YES_ERROR;
				CLANG_WARN_QUOTED_INCLUDE_IN_FRAMEWORK_HEADER = YES;
				CLANG_WARN_RANGE_LOOP_ANALYSIS = YES;
				CLANG_WARN_STRICT_PROTOTYPES = YES;
				CLANG_WARN_SUSPICIOUS_MOVE = YES;
				CLANG_WARN_UNGUARDED_AVAILABILITY = YES_AGGRESSIVE;
				CLANG_WARN_UNREACHABLE_CODE = YES;
				CLANG_WARN__DUPLICATE_METHOD_MATCH = YES;
				COPY_PHASE_STRIP = NO;
				DEBUG_INFORMATION_FORMAT = dwarf;
				ENABLE_STRICT_OBJC_MSGSEND = YES;
				ENABLE_TESTABILITY = YES;
				GCC_C_LANGUAGE_STANDARD = gnu11;
				GCC_DYNAMIC_NO_PIC = NO;
				GCC_NO_COMMON_BLOCKS = YES;
				GCC_OPTIMIZATION_LEVEL = 0;
				GCC_PREPROCESSOR_DEFINITIONS = (
					"DEBUG=1",
					"$(inherited)",
				);
				GCC_WARN_64_TO_32_BIT_CONVERSION = YES;
				GCC_WARN_ABOUT_RETURN_TYPE = YES_ERROR;
				GCC_WARN_UNDECLARED_SELECTOR = YES;
				GCC_WARN_UNINITIALIZED_AUTOS = YES_AGGRESSIVE;
				GCC_WARN_UNUSED_FUNCTION = YES;
				GCC_WARN_UNUSED_VARIABLE = YES;
				MTL_ENABLE_DEBUG_INFO = INCLUDE_SOURCE;
				MTL_FAST_MATH = YES;
				ONLY_ACTIVE_ARCH = YES;
			};
			name = Debug;
		};
		4CE2072126E001C8005FE571 /* Release */ = {
			isa = XCBuildConfiguration;
			buildSettings = {
				ALWAYS_SEARCH_USER_PATHS = NO;
				CLANG_ANALYZER_NONNULL = YES;
				CLANG_ANALYZER_NUMBER_OBJECT_CONVERSION = YES_AGGRESSIVE;
				CLANG_CXX_LANGUAGE_STANDARD = "gnu++14";
				CLANG_CXX_LIBRARY = "libc++";
				CLANG_ENABLE_MODULES = YES;
				CLANG_ENABLE_OBJC_ARC = YES;
				CLANG_ENABLE_OBJC_WEAK = YES;
				CLANG_WARN_BLOCK_CAPTURE_AUTORELEASING = YES;
				CLANG_WARN_BOOL_CONVERSION = YES;
				CLANG_WARN_COMMA = YES;
				CLANG_WARN_CONSTANT_CONVERSION = YES;
				CLANG_WARN_DEPRECATED_OBJC_IMPLEMENTATIONS = YES;
				CLANG_WARN_DIRECT_OBJC_ISA_USAGE = YES_ERROR;
				CLANG_WARN_DOCUMENTATION_COMMENTS = YES;
				CLANG_WARN_EMPTY_BODY = YES;
				CLANG_WARN_ENUM_CONVERSION = YES;
				CLANG_WARN_INFINITE_RECURSION = YES;
				CLANG_WARN_INT_CONVERSION = YES;
				CLANG_WARN_NON_LITERAL_NULL_CONVERSION = YES;
				CLANG_WARN_OBJC_IMPLICIT_RETAIN_SELF = YES;
				CLANG_WARN_OBJC_LITERAL_CONVERSION = YES;
				CLANG_WARN_OBJC_ROOT_CLASS = YES_ERROR;
				CLANG_WARN_QUOTED_INCLUDE_IN_FRAMEWORK_HEADER = YES;
				CLANG_WARN_RANGE_LOOP_ANALYSIS = YES;
				CLANG_WARN_STRICT_PROTOTYPES = YES;
				CLANG_WARN_SUSPICIOUS_MOVE = YES;
				CLANG_WARN_UNGUARDED_AVAILABILITY = YES_AGGRESSIVE;
				CLANG_WARN_UNREACHABLE_CODE = YES;
				CLANG_WARN__DUPLICATE_METHOD_MATCH = YES;
				COPY_PHASE_STRIP = NO;
				DEBUG_INFORMATION_FORMAT = "dwarf-with-dsym";
				ENABLE_NS_ASSERTIONS = NO;
				ENABLE_STRICT_OBJC_MSGSEND = YES;
				GCC_C_LANGUAGE_STANDARD = gnu11;
				GCC_NO_COMMON_BLOCKS = YES;
				GCC_WARN_64_TO_32_BIT_CONVERSION = YES;
				GCC_WARN_ABOUT_RETURN_TYPE = YES_ERROR;
				GCC_WARN_UNDECLARED_SELECTOR = YES;
				GCC_WARN_UNINITIALIZED_AUTOS = YES_AGGRESSIVE;
				GCC_WARN_UNUSED_FUNCTION = YES;
				GCC_WARN_UNUSED_VARIABLE = YES;
				MTL_ENABLE_DEBUG_INFO = NO;
				MTL_FAST_MATH = YES;
			};
			name = Release;
		};
		4CE2073726E004FE005FE571 /* Debug */ = {
			isa = XCBuildConfiguration;
			buildSettings = {
				CODE_SIGN_STYLE = Automatic;
				DEVELOPMENT_TEAM = LDL4S5S8SE;
				ENABLE_HARDENED_RUNTIME = YES;
				MACOSX_DEPLOYMENT_TARGET = 11.3;
				PRODUCT_NAME = "$(TARGET_NAME)";
				SDKROOT = macosx;
			};
			name = Debug;
		};
		4CE2073826E004FE005FE571 /* Release */ = {
			isa = XCBuildConfiguration;
			buildSettings = {
				CODE_SIGN_STYLE = Automatic;
				DEVELOPMENT_TEAM = LDL4S5S8SE;
				ENABLE_HARDENED_RUNTIME = YES;
				MACOSX_DEPLOYMENT_TARGET = 11.3;
				PRODUCT_NAME = "$(TARGET_NAME)";
				SDKROOT = macosx;
			};
			name = Release;
		};
		4CE2074D26E04995005FE571 /* Debug */ = {
			isa = XCBuildConfiguration;
			buildSettings = {
				CODE_SIGN_STYLE = Automatic;
				DEVELOPMENT_TEAM = LDL4S5S8SE;
				DYLIB_COMPATIBILITY_VERSION = 1;
				DYLIB_CURRENT_VERSION = 1;
				EXECUTABLE_PREFIX = lib;
				MACOSX_DEPLOYMENT_TARGET = 11.3;
				PRODUCT_NAME = "$(TARGET_NAME)";
				SDKROOT = macosx;
				SKIP_INSTALL = YES;
			};
			name = Debug;
		};
		4CE2074E26E04995005FE571 /* Release */ = {
			isa = XCBuildConfiguration;
			buildSettings = {
				CODE_SIGN_STYLE = Automatic;
				DEVELOPMENT_TEAM = LDL4S5S8SE;
				DYLIB_COMPATIBILITY_VERSION = 1;
				DYLIB_CURRENT_VERSION = 1;
				EXECUTABLE_PREFIX = lib;
				MACOSX_DEPLOYMENT_TARGET = 11.3;
				PRODUCT_NAME = "$(TARGET_NAME)";
				SDKROOT = macosx;
				SKIP_INSTALL = YES;
			};
			name = Release;
		};
/* End XCBuildConfiguration section */

/* Begin XCConfigurationList section */
		4CE2071E26E001C8005FE571 /* Build configuration list for PBXProject "Potato" */ = {
			isa = XCConfigurationList;
			buildConfigurations = (
				4CE2072026E001C8005FE571 /* Debug */,
				4CE2072126E001C8005FE571 /* Release */,
			);
			defaultConfigurationIsVisible = 0;
			defaultConfigurationName = Release;
		};
		4CE2073626E004FE005FE571 /* Build configuration list for PBXNativeTarget "toolkit" */ = {
			isa = XCConfigurationList;
			buildConfigurations = (
				4CE2073726E004FE005FE571 /* Debug */,
				4CE2073826E004FE005FE571 /* Release */,
			);
			defaultConfigurationIsVisible = 0;
			defaultConfigurationName = Release;
		};
		4CE2074C26E04995005FE571 /* Build configuration list for PBXNativeTarget "HTML5" */ = {
			isa = XCConfigurationList;
			buildConfigurations = (
				4CE2074D26E04995005FE571 /* Debug */,
				4CE2074E26E04995005FE571 /* Release */,
			);
			defaultConfigurationIsVisible = 0;
			defaultConfigurationName = Release;
		};
/* End XCConfigurationList section */
	};
	rootObject = 4CE2071B26E001C8005FE571 /* Project object */;
}
